// !$*UTF8*$!
{
	archiveVersion = 1;
	classes = {
	};
	objectVersion = 50;
	objects = {

/* Begin PBXBuildFile section */
		CEDFBF7E22BA59BF00F6A435 /* AppDelegate.swift in Sources */ = {isa = PBXBuildFile; fileRef = CEDFBF7D22BA59BF00F6A435 /* AppDelegate.swift */; };
		CEDFBF8022BA59BF00F6A435 /* ViewController.swift in Sources */ = {isa = PBXBuildFile; fileRef = CEDFBF7F22BA59BF00F6A435 /* ViewController.swift */; };
		CEDFBF8322BA59BF00F6A435 /* Main.storyboard in Resources */ = {isa = PBXBuildFile; fileRef = CEDFBF8122BA59BF00F6A435 /* Main.storyboard */; };
		CEDFBF8522BA59C300F6A435 /* Assets.xcassets in Resources */ = {isa = PBXBuildFile; fileRef = CEDFBF8422BA59C300F6A435 /* Assets.xcassets */; };
		CEDFBF8822BA59C300F6A435 /* LaunchScreen.storyboard in Resources */ = {isa = PBXBuildFile; fileRef = CEDFBF8622BA59C300F6A435 /* LaunchScreen.storyboard */; };
		CEDFBFB022BBA29200F6A435 /* PredictionResultViewController.swift in Sources */ = {isa = PBXBuildFile; fileRef = CEDFBFAF22BBA29200F6A435 /* PredictionResultViewController.swift */; };
		CEDFBFB222C0B2BF00F6A435 /* SqueezeNet.mlmodel in Sources */ = {isa = PBXBuildFile; fileRef = CEDFBFB122C0B2BF00F6A435 /* SqueezeNet.mlmodel */; };
/* End PBXBuildFile section */

/* Begin PBXFileReference section */
		CEDFBF7A22BA59BF00F6A435 /* CoreMLDemo.app */ = {isa = PBXFileReference; explicitFileType = wrapper.application; includeInIndex = 0; path = CoreMLDemo.app; sourceTree = BUILT_PRODUCTS_DIR; };
		CEDFBF7D22BA59BF00F6A435 /* AppDelegate.swift */ = {isa = PBXFileReference; lastKnownFileType = sourcecode.swift; path = AppDelegate.swift; sourceTree = "<group>"; };
		CEDFBF7F22BA59BF00F6A435 /* ViewController.swift */ = {isa = PBXFileReference; lastKnownFileType = sourcecode.swift; path = ViewController.swift; sourceTree = "<group>"; };
		CEDFBF8222BA59BF00F6A435 /* Base */ = {isa = PBXFileReference; lastKnownFileType = file.storyboard; name = Base; path = Base.lproj/Main.storyboard; sourceTree = "<group>"; };
		CEDFBF8422BA59C300F6A435 /* Assets.xcassets */ = {isa = PBXFileReference; lastKnownFileType = folder.assetcatalog; path = Assets.xcassets; sourceTree = "<group>"; };
		CEDFBF8722BA59C300F6A435 /* Base */ = {isa = PBXFileReference; lastKnownFileType = file.storyboard; name = Base; path = Base.lproj/LaunchScreen.storyboard; sourceTree = "<group>"; };
		CEDFBF8922BA59C300F6A435 /* Info.plist */ = {isa = PBXFileReference; lastKnownFileType = text.plist.xml; path = Info.plist; sourceTree = "<group>"; };
		CEDFBFAF22BBA29200F6A435 /* PredictionResultViewController.swift */ = {isa = PBXFileReference; lastKnownFileType = sourcecode.swift; path = PredictionResultViewController.swift; sourceTree = "<group>"; };
		CEDFBFB122C0B2BF00F6A435 /* SqueezeNet.mlmodel */ = {isa = PBXFileReference; lastKnownFileType = file.mlmodel; name = SqueezeNet.mlmodel; path = ../../../Desktop/SqueezeNet.mlmodel; sourceTree = "<group>"; };
/* End PBXFileReference section */

/* Begin PBXFrameworksBuildPhase section */
		CEDFBF7722BA59BF00F6A435 /* Frameworks */ = {
			isa = PBXFrameworksBuildPhase;
			buildActionMask = 2147483647;
			files = (
			);
			runOnlyForDeploymentPostprocessing = 0;
		};
/* End PBXFrameworksBuildPhase section */

/* Begin PBXGroup section */
		CEDFBF7122BA59BF00F6A435 = {
			isa = PBXGroup;
			children = (
				CEDFBFB122C0B2BF00F6A435 /* SqueezeNet.mlmodel */,
				CEDFBF7C22BA59BF00F6A435 /* CoreMLDemo */,
				CEDFBF7B22BA59BF00F6A435 /* Products */,
			);
			sourceTree = "<group>";
		};
		CEDFBF7B22BA59BF00F6A435 /* Products */ = {
			isa = PBXGroup;
			children = (
				CEDFBF7A22BA59BF00F6A435 /* CoreMLDemo.app */,
			);
			name = Products;
			sourceTree = "<group>";
		};
		CEDFBF7C22BA59BF00F6A435 /* CoreMLDemo */ = {
			isa = PBXGroup;
			children = (
				CEDFBF7D22BA59BF00F6A435 /* AppDelegate.swift */,
				CEDFBF7F22BA59BF00F6A435 /* ViewController.swift */,
				CEDFBF8122BA59BF00F6A435 /* Main.storyboard */,
				CEDFBF8422BA59C300F6A435 /* Assets.xcassets */,
				CEDFBF8622BA59C300F6A435 /* LaunchScreen.storyboard */,
				CEDFBF8922BA59C300F6A435 /* Info.plist */,
				CEDFBFAF22BBA29200F6A435 /* PredictionResultViewController.swift */,
			);
			path = CoreMLDemo;
			sourceTree = "<group>";
		};
/* End PBXGroup section */

/* Begin PBXNativeTarget section */
		CEDFBF7922BA59BF00F6A435 /* CoreMLDemo */ = {
			isa = PBXNativeTarget;
			buildConfigurationList = CEDFBF8C22BA59C300F6A435 /* Build configuration list for PBXNativeTarget "CoreMLDemo" */;
			buildPhases = (
				CEDFBF7622BA59BF00F6A435 /* Sources */,
				CEDFBF7722BA59BF00F6A435 /* Frameworks */,
				CEDFBF7822BA59BF00F6A435 /* Resources */,
			);
			buildRules = (
			);
			dependencies = (
			);
			name = CoreMLDemo;
			productName = CoreMLDemo;
			productReference = CEDFBF7A22BA59BF00F6A435 /* CoreMLDemo.app */;
			productType = "com.apple.product-type.application";
		};
/* End PBXNativeTarget section */

/* Begin PBXProject section */
		CEDFBF7222BA59BF00F6A435 /* Project object */ = {
			isa = PBXProject;
			attributes = {
				LastSwiftUpdateCheck = 1020;
				LastUpgradeCheck = 1020;
				ORGANIZATIONNAME = "Zipper Studios";
				TargetAttributes = {
					CEDFBF7922BA59BF00F6A435 = {
						CreatedOnToolsVersion = 10.2.1;
					};
				};
			};
			buildConfigurationList = CEDFBF7522BA59BF00F6A435 /* Build configuration list for PBXProject "CoreMLDemo" */;
			compatibilityVersion = "Xcode 9.3";
			developmentRegion = en;
			hasScannedForEncodings = 0;
			knownRegions = (
				en,
				Base,
			);
			mainGroup = CEDFBF7122BA59BF00F6A435;
			productRefGroup = CEDFBF7B22BA59BF00F6A435 /* Products */;
			projectDirPath = "";
			projectRoot = "";
			targets = (
				CEDFBF7922BA59BF00F6A435 /* CoreMLDemo */,
			);
		};
/* End PBXProject section */

/* Begin PBXResourcesBuildPhase section */
		CEDFBF7822BA59BF00F6A435 /* Resources */ = {
			isa = PBXResourcesBuildPhase;
			buildActionMask = 2147483647;
			files = (
				CEDFBF8822BA59C300F6A435 /* LaunchScreen.storyboard in Resources */,
				CEDFBF8522BA59C300F6A435 /* Assets.xcassets in Resources */,
				CEDFBF8322BA59BF00F6A435 /* Main.storyboard in Resources */,
			);
			runOnlyForDeploymentPostprocessing = 0;
		};
/* End PBXResourcesBuildPhase section */

/* Begin PBXSourcesBuildPhase section */
		CEDFBF7622BA59BF00F6A435 /* Sources */ = {
			isa = PBXSourcesBuildPhase;
			buildActionMask = 2147483647;
			files = (
				CEDFBF8022BA59BF00F6A435 /* ViewController.swift in Sources */,
				CEDFBFB222C0B2BF00F6A435 /* SqueezeNet.mlmodel in Sources */,
				CEDFBFB022BBA29200F6A435 /* PredictionResultViewController.swift in Sources */,
				CEDFBF7E22BA59BF00F6A435 /* AppDelegate.swift in Sources */,
			);
			runOnlyForDeploymentPostprocessing = 0;
		};
/* End PBXSourcesBuildPhase section */

/* Begin PBXVariantGroup section */
		CEDFBF8122BA59BF00F6A435 /* Main.storyboard */ = {
			isa = PBXVariantGroup;
			children = (
				CEDFBF8222BA59BF00F6A435 /* Base */,
			);
			name = Main.storyboard;
			sourceTree = "<group>";
		};
		CEDFBF8622BA59C300F6A435 /* LaunchScreen.storyboard */ = {
			isa = PBXVariantGroup;
			children = (
				CEDFBF8722BA59C300F6A435 /* Base */,
			);
			name = LaunchScreen.storyboard;
			sourceTree = "<group>";
		};
/* End PBXVariantGroup section */

/* Begin XCBuildConfiguration section */
		CEDFBF8A22BA59C300F6A435 /* Debug */ = {
			isa = XCBuildConfiguration;
			buildSettings = {
				ALWAYS_SEARCH_USER_PATHS = NO;
				CLANG_ANALYZER_NONNULL = YES;
				CLANG_ANALYZER_NUMBER_OBJECT_CONVERSION = YES_AGGRESSIVE;
				CLANG_CXX_LANGUAGE_STANDARD = "gnu++14";
				CLANG_CXX_LIBRARY = "libc++";
				CLANG_ENABLE_MODULES = YES;
				CLANG_ENABLE_OBJC_ARC = YES;
				CLANG_ENABLE_OBJC_WEAK = YES;
				CLANG_WARN_BLOCK_CAPTURE_AUTORELEASING = YES;
				CLANG_WARN_BOOL_CONVERSION = YES;
				CLANG_WARN_COMMA = YES;
				CLANG_WARN_CONSTANT_CONVERSION = YES;
				CLANG_WARN_DEPRECATED_OBJC_IMPLEMENTATIONS = YES;
				CLANG_WARN_DIRECT_OBJC_ISA_USAGE = YES_ERROR;
				CLANG_WARN_DOCUMENTATION_COMMENTS = YES;
				CLANG_WARN_EMPTY_BODY = YES;
				CLANG_WARN_ENUM_CONVERSION = YES;
				CLANG_WARN_INFINITE_RECURSION = YES;
				CLANG_WARN_INT_CONVERSION = YES;
				CLANG_WARN_NON_LITERAL_NULL_CONVERSION = YES;
				CLANG_WARN_OBJC_IMPLICIT_RETAIN_SELF = YES;
				CLANG_WARN_OBJC_LITERAL_CONVERSION = YES;
				CLANG_WARN_OBJC_ROOT_CLASS = YES_ERROR;
				CLANG_WARN_RANGE_LOOP_ANALYSIS = YES;
				CLANG_WARN_STRICT_PROTOTYPES = YES;
				CLANG_WARN_SUSPICIOUS_MOVE = YES;
				CLANG_WARN_UNGUARDED_AVAILABILITY = YES_AGGRESSIVE;
				CLANG_WARN_UNREACHABLE_CODE = YES;
				CLANG_WARN__DUPLICATE_METHOD_MATCH = YES;
				CODE_SIGN_IDENTITY = "iPhone Developer";
				COPY_PHASE_STRIP = NO;
				DEBUG_INFORMATION_FORMAT = dwarf;
				ENABLE_STRICT_OBJC_MSGSEND = YES;
				ENABLE_TESTABILITY = YES;
				GCC_C_LANGUAGE_STANDARD = gnu11;
				GCC_DYNAMIC_NO_PIC = NO;
				GCC_NO_COMMON_BLOCKS = YES;
				GCC_OPTIMIZATION_LEVEL = 0;
				GCC_PREPROCESSOR_DEFINITIONS = (
					"DEBUG=1",
					"$(inherited)",
				);
				GCC_WARN_64_TO_32_BIT_CONVERSION = YES;
				GCC_WARN_ABOUT_RETURN_TYPE = YES_ERROR;
				GCC_WARN_UNDECLARED_SELECTOR = YES;
				GCC_WARN_UNINITIALIZED_AUTOS = YES_AGGRESSIVE;
				GCC_WARN_UNUSED_FUNCTION = YES;
				GCC_WARN_UNUSED_VARIABLE = YES;
				IPHONEOS_DEPLOYMENT_TARGET = 12.2;
				MTL_ENABLE_DEBUG_INFO = INCLUDE_SOURCE;
				MTL_FAST_MATH = YES;
				ONLY_ACTIVE_ARCH = YES;
				SDKROOT = iphoneos;
				SWIFT_ACTIVE_COMPILATION_CONDITIONS = DEBUG;
				SWIFT_OPTIMIZATION_LEVEL = "-Onone";
			};
			name = Debug;
		};
		CEDFBF8B22BA59C300F6A435 /* Release */ = {
			isa = XCBuildConfiguration;
			buildSettings = {
				ALWAYS_SEARCH_USER_PATHS = NO;
				CLANG_ANALYZER_NONNULL = YES;
				CLANG_ANALYZER_NUMBER_OBJECT_CONVERSION = YES_AGGRESSIVE;
				CLANG_CXX_LANGUAGE_STANDARD = "gnu++14";
				CLANG_CXX_LIBRARY = "libc++";
				CLANG_ENABLE_MODULES = YES;
				CLANG_ENABLE_OBJC_ARC = YES;
				CLANG_ENABLE_OBJC_WEAK = YES;
				CLANG_WARN_BLOCK_CAPTURE_AUTORELEASING = YES;
				CLANG_WARN_BOOL_CONVERSION = YES;
				CLANG_WARN_COMMA = YES;
				CLANG_WARN_CONSTANT_CONVERSION = YES;
				CLANG_WARN_DEPRECATED_OBJC_IMPLEMENTATIONS = YES;
				CLANG_WARN_DIRECT_OBJC_ISA_USAGE = YES_ERROR;
				CLANG_WARN_DOCUMENTATION_COMMENTS = YES;
				CLANG_WARN_EMPTY_BODY = YES;
				CLANG_WARN_ENUM_CONVERSION = YES;
				CLANG_WARN_INFINITE_RECURSION = YES;
				CLANG_WARN_INT_CONVERSION = YES;
				CLANG_WARN_NON_LITERAL_NULL_CONVERSION = YES;
				CLANG_WARN_OBJC_IMPLICIT_RETAIN_SELF = YES;
				CLANG_WARN_OBJC_LITERAL_CONVERSION = YES;
				CLANG_WARN_OBJC_ROOT_CLASS = YES_ERROR;
				CLANG_WARN_RANGE_LOOP_ANALYSIS = YES;
				CLANG_WARN_STRICT_PROTOTYPES = YES;
				CLANG_WARN_SUSPICIOUS_MOVE = YES;
				CLANG_WARN_UNGUARDED_AVAILABILITY = YES_AGGRESSIVE;
				CLANG_WARN_UNREACHABLE_CODE = YES;
				CLANG_WARN__DUPLICATE_METHOD_MATCH = YES;
				CODE_SIGN_IDENTITY = "iPhone Developer";
				COPY_PHASE_STRIP = NO;
				DEBUG_INFORMATION_FORMAT = "dwarf-with-dsym";
				ENABLE_NS_ASSERTIONS = NO;
				ENABLE_STRICT_OBJC_MSGSEND = YES;
				GCC_C_LANGUAGE_STANDARD = gnu11;
				GCC_NO_COMMON_BLOCKS = YES;
				GCC_WARN_64_TO_32_BIT_CONVERSION = YES;
				GCC_WARN_ABOUT_RETURN_TYPE = YES_ERROR;
				GCC_WARN_UNDECLARED_SELECTOR = YES;
				GCC_WARN_UNINITIALIZED_AUTOS = YES_AGGRESSIVE;
				GCC_WARN_UNUSED_FUNCTION = YES;
				GCC_WARN_UNUSED_VARIABLE = YES;
				IPHONEOS_DEPLOYMENT_TARGET = 12.2;
				MTL_ENABLE_DEBUG_INFO = NO;
				MTL_FAST_MATH = YES;
				SDKROOT = iphoneos;
				SWIFT_COMPILATION_MODE = wholemodule;
				SWIFT_OPTIMIZATION_LEVEL = "-O";
				VALIDATE_PRODUCT = YES;
			};
			name = Release;
		};
		CEDFBF8D22BA59C300F6A435 /* Debug */ = {
			isa = XCBuildConfiguration;
			buildSettings = {
				ASSETCATALOG_COMPILER_APPICON_NAME = AppIcon;
				CODE_SIGN_STYLE = Automatic;
				DEVELOPMENT_TEAM = 72HUQFVMX3;
				INFOPLIST_FILE = CoreMLDemo/Info.plist;
				LD_RUNPATH_SEARCH_PATHS = (
					"$(inherited)",
					"@executable_path/Frameworks",
				);
				PRODUCT_BUNDLE_IDENTIFIER = com.zipperstudios.CoreMLDemo;
				PRODUCT_NAME = "$(TARGET_NAME)";
				SWIFT_VERSION = 5.0;
				TARGETED_DEVICE_FAMILY = "1,2";
			};
			name = Debug;
		};
		CEDFBF8E22BA59C300F6A435 /* Release */ = {
			isa = XCBuildConfiguration;
			buildSettings = {
				ASSETCATALOG_COMPILER_APPICON_NAME = AppIcon;
				CODE_SIGN_STYLE = Automatic;
				DEVELOPMENT_TEAM = 72HUQFVMX3;
				INFOPLIST_FILE = CoreMLDemo/Info.plist;
				LD_RUNPATH_SEARCH_PATHS = (
					"$(inherited)",
					"@executable_path/Frameworks",
				);
				PRODUCT_BUNDLE_IDENTIFIER = com.zipperstudios.CoreMLDemo;
				PRODUCT_NAME = "$(TARGET_NAME)";
				SWIFT_VERSION = 5.0;
				TARGETED_DEVICE_FAMILY = "1,2";
			};
			name = Release;
		};
/* End XCBuildConfiguration section */

/* Begin XCConfigurationList section */
		CEDFBF7522BA59BF00F6A435 /* Build configuration list for PBXProject "CoreMLDemo" */ = {
			isa = XCConfigurationList;
			buildConfigurations = (
				CEDFBF8A22BA59C300F6A435 /* Debug */,
				CEDFBF8B22BA59C300F6A435 /* Release */,
			);
			defaultConfigurationIsVisible = 0;
			defaultConfigurationName = Release;
		};
		CEDFBF8C22BA59C300F6A435 /* Build configuration list for PBXNativeTarget "CoreMLDemo" */ = {
			isa = XCConfigurationList;
			buildConfigurations = (
				CEDFBF8D22BA59C300F6A435 /* Debug */,
				CEDFBF8E22BA59C300F6A435 /* Release */,
			);
			defaultConfigurationIsVisible = 0;
			defaultConfigurationName = Release;
		};
/* End XCConfigurationList section */
	};
	rootObject = CEDFBF7222BA59BF00F6A435 /* Project object */;
}
